// !$*UTF8*$!
{
	archiveVersion = 1;
	classes = {
	};
	objectVersion = 46;
	objects = {

/* Begin PBXBuildFile section */
		3F922E831B4B6960004CC85D /* main.m in Sources */ = {isa = PBXBuildFile; fileRef = 3F922E821B4B6960004CC85D /* main.m */; };
		3F922E861B4B6960004CC85D /* AppDelegate.m in Sources */ = {isa = PBXBuildFile; fileRef = 3F922E851B4B6960004CC85D /* AppDelegate.m */; };
		3F922E891B4B6960004CC85D /* ViewController.m in Sources */ = {isa = PBXBuildFile; fileRef = 3F922E881B4B6960004CC85D /* ViewController.m */; };
		3F922E8C1B4B6960004CC85D /* Main.storyboard in Resources */ = {isa = PBXBuildFile; fileRef = 3F922E8A1B4B6960004CC85D /* Main.storyboard */; };
		3F922E8E1B4B6960004CC85D /* Images.xcassets in Resources */ = {isa = PBXBuildFile; fileRef = 3F922E8D1B4B6960004CC85D /* Images.xcassets */; };
		3F922E911B4B6960004CC85D /* LaunchScreen.xib in Resources */ = {isa = PBXBuildFile; fileRef = 3F922E8F1B4B6960004CC85D /* LaunchScreen.xib */; };
		3F922E9D1B4B6960004CC85D /* TechTodayTests.m in Sources */ = {isa = PBXBuildFile; fileRef = 3F922E9C1B4B6960004CC85D /* TechTodayTests.m */; };
/* End PBXBuildFile section */

/* Begin PBXContainerItemProxy section */
		3F922E971B4B6960004CC85D /* PBXContainerItemProxy */ = {
			isa = PBXContainerItemProxy;
			containerPortal = 3F922E751B4B6960004CC85D /* Project object */;
			proxyType = 1;
			remoteGlobalIDString = 3F922E7C1B4B6960004CC85D;
			remoteInfo = TechToday;
		};
/* End PBXContainerItemProxy section */

/* Begin PBXFileReference section */
		3F922E7D1B4B6960004CC85D /* TechToday.app */ = {isa = PBXFileReference; explicitFileType = wrapper.application; includeInIndex = 0; path = TechToday.app; sourceTree = BUILT_PRODUCTS_DIR; };
		3F922E811B4B6960004CC85D /* Info.plist */ = {isa = PBXFileReference; lastKnownFileType = text.plist.xml; path = Info.plist; sourceTree = "<group>"; };
		3F922E821B4B6960004CC85D /* main.m */ = {isa = PBXFileReference; lastKnownFileType = sourcecode.c.objc; path = main.m; sourceTree = "<group>"; };
		3F922E841B4B6960004CC85D /* AppDelegate.h */ = {isa = PBXFileReference; lastKnownFileType = sourcecode.c.h; path = AppDelegate.h; sourceTree = "<group>"; };
		3F922E851B4B6960004CC85D /* AppDelegate.m */ = {isa = PBXFileReference; lastKnownFileType = sourcecode.c.objc; path = AppDelegate.m; sourceTree = "<group>"; };
		3F922E871B4B6960004CC85D /* ViewController.h */ = {isa = PBXFileReference; lastKnownFileType = sourcecode.c.h; path = ViewController.h; sourceTree = "<group>"; };
		3F922E881B4B6960004CC85D /* ViewController.m */ = {isa = PBXFileReference; lastKnownFileType = sourcecode.c.objc; path = ViewController.m; sourceTree = "<group>"; };
		3F922E8B1B4B6960004CC85D /* Base */ = {isa = PBXFileReference; lastKnownFileType = file.storyboard; name = Base; path = Base.lproj/Main.storyboard; sourceTree = "<group>"; };
		3F922E8D1B4B6960004CC85D /* Images.xcassets */ = {isa = PBXFileReference; lastKnownFileType = folder.assetcatalog; path = Images.xcassets; sourceTree = "<group>"; };
		3F922E901B4B6960004CC85D /* Base */ = {isa = PBXFileReference; lastKnownFileType = file.xib; name = Base; path = Base.lproj/LaunchScreen.xib; sourceTree = "<group>"; };
		3F922E961B4B6960004CC85D /* TechTodayTests.xctest */ = {isa = PBXFileReference; explicitFileType = wrapper.cfbundle; includeInIndex = 0; path = TechTodayTests.xctest; sourceTree = BUILT_PRODUCTS_DIR; };
		3F922E9B1B4B6960004CC85D /* Info.plist */ = {isa = PBXFileReference; lastKnownFileType = text.plist.xml; path = Info.plist; sourceTree = "<group>"; };
		3F922E9C1B4B6960004CC85D /* TechTodayTests.m */ = {isa = PBXFileReference; lastKnownFileType = sourcecode.c.objc; path = TechTodayTests.m; sourceTree = "<group>"; };
/* End PBXFileReference section */

/* Begin PBXFrameworksBuildPhase section */
		3F922E7A1B4B6960004CC85D /* Frameworks */ = {
			isa = PBXFrameworksBuildPhase;
			buildActionMask = 2147483647;
			files = (
			);
			runOnlyForDeploymentPostprocessing = 0;
		};
		3F922E931B4B6960004CC85D /* Frameworks */ = {
			isa = PBXFrameworksBuildPhase;
			buildActionMask = 2147483647;
			files = (
			);
			runOnlyForDeploymentPostprocessing = 0;
		};
/* End PBXFrameworksBuildPhase section */

/* Begin PBXGroup section */
		3F922E741B4B6960004CC85D = {
			isa = PBXGroup;
			children = (
				3F922E7F1B4B6960004CC85D /* TechToday */,
				3F922E991B4B6960004CC85D /* TechTodayTests */,
				3F922E7E1B4B6960004CC85D /* Products */,
			);
			sourceTree = "<group>";
		};
		3F922E7E1B4B6960004CC85D /* Products */ = {
			isa = PBXGroup;
			children = (
				3F922E7D1B4B6960004CC85D /* TechToday.app */,
				3F922E961B4B6960004CC85D /* TechTodayTests.xctest */,
			);
			name = Products;
			sourceTree = "<group>";
		};
		3F922E7F1B4B6960004CC85D /* TechToday */ = {
			isa = PBXGroup;
			children = (
				3F922E841B4B6960004CC85D /* AppDelegate.h */,
				3F922E851B4B6960004CC85D /* AppDelegate.m */,
				3F922E871B4B6960004CC85D /* ViewController.h */,
				3F922E881B4B6960004CC85D /* ViewController.m */,
				3F922E8A1B4B6960004CC85D /* Main.storyboard */,
				3F922E8D1B4B6960004CC85D /* Images.xcassets */,
				3F922E8F1B4B6960004CC85D /* LaunchScreen.xib */,
				3F922E801B4B6960004CC85D /* Supporting Files */,
			);
			path = TechToday;
			sourceTree = "<group>";
		};
		3F922E801B4B6960004CC85D /* Supporting Files */ = {
			isa = PBXGroup;
			children = (
				3F922E811B4B6960004CC85D /* Info.plist */,
				3F922E821B4B6960004CC85D /* main.m */,
			);
			name = "Supporting Files";
			sourceTree = "<group>";
		};
		3F922E991B4B6960004CC85D /* TechTodayTests */ = {
			isa = PBXGroup;
			children = (
				3F922E9C1B4B6960004CC85D /* TechTodayTests.m */,
				3F922E9A1B4B6960004CC85D /* Supporting Files */,
			);
			path = TechTodayTests;
			sourceTree = "<group>";
		};
		3F922E9A1B4B6960004CC85D /* Supporting Files */ = {
			isa = PBXGroup;
			children = (
				3F922E9B1B4B6960004CC85D /* Info.plist */,
			);
			name = "Supporting Files";
			sourceTree = "<group>";
		};
/* End PBXGroup section */

/* Begin PBXNativeTarget section */
		3F922E7C1B4B6960004CC85D /* TechToday */ = {
			isa = PBXNativeTarget;
			buildConfigurationList = 3F922EA01B4B6960004CC85D /* Build configuration list for PBXNativeTarget "TechToday" */;
			buildPhases = (
				3F922E791B4B6960004CC85D /* Sources */,
				3F922E7A1B4B6960004CC85D /* Frameworks */,
				3F922E7B1B4B6960004CC85D /* Resources */,
			);
			buildRules = (
			);
			dependencies = (
			);
			name = TechToday;
			productName = TechToday;
			productReference = 3F922E7D1B4B6960004CC85D /* TechToday.app */;
			productType = "com.apple.product-type.application";
		};
		3F922E951B4B6960004CC85D /* TechTodayTests */ = {
			isa = PBXNativeTarget;
			buildConfigurationList = 3F922EA31B4B6960004CC85D /* Build configuration list for PBXNativeTarget "TechTodayTests" */;
			buildPhases = (
				3F922E921B4B6960004CC85D /* Sources */,
				3F922E931B4B6960004CC85D /* Frameworks */,
				3F922E941B4B6960004CC85D /* Resources */,
			);
			buildRules = (
			);
			dependencies = (
				3F922E981B4B6960004CC85D /* PBXTargetDependency */,
			);
			name = TechTodayTests;
			productName = TechTodayTests;
			productReference = 3F922E961B4B6960004CC85D /* TechTodayTests.xctest */;
			productType = "com.apple.product-type.bundle.unit-test";
		};
/* End PBXNativeTarget section */

/* Begin PBXProject section */
		3F922E751B4B6960004CC85D /* Project object */ = {
			isa = PBXProject;
			attributes = {
				LastUpgradeCheck = 0630;
				ORGANIZATIONNAME = CaiGavin;
				TargetAttributes = {
					3F922E7C1B4B6960004CC85D = {
						CreatedOnToolsVersion = 6.3.1;
					};
					3F922E951B4B6960004CC85D = {
						CreatedOnToolsVersion = 6.3.1;
						TestTargetID = 3F922E7C1B4B6960004CC85D;
					};
				};
			};
			buildConfigurationList = 3F922E781B4B6960004CC85D /* Build configuration list for PBXProject "TechToday" */;
			compatibilityVersion = "Xcode 3.2";
			developmentRegion = English;
			hasScannedForEncodings = 0;
			knownRegions = (
				en,
				Base,
			);
			mainGroup = 3F922E741B4B6960004CC85D;
			productRefGroup = 3F922E7E1B4B6960004CC85D /* Products */;
			projectDirPath = "";
			projectRoot = "";
			targets = (
				3F922E7C1B4B6960004CC85D /* TechToday */,
				3F922E951B4B6960004CC85D /* TechTodayTests */,
			);
		};
/* End PBXProject section */

/* Begin PBXResourcesBuildPhase section */
		3F922E7B1B4B6960004CC85D /* Resources */ = {
			isa = PBXResourcesBuildPhase;
			buildActionMask = 2147483647;
			files = (
				3F922E8C1B4B6960004CC85D /* Main.storyboard in Resources */,
				3F922E911B4B6960004CC85D /* LaunchScreen.xib in Resources */,
				3F922E8E1B4B6960004CC85D /* Images.xcassets in Resources */,
			);
			runOnlyForDeploymentPostprocessing = 0;
		};
		3F922E941B4B6960004CC85D /* Resources */ = {
			isa = PBXResourcesBuildPhase;
			buildActionMask = 2147483647;
			files = (
			);
			runOnlyForDeploymentPostprocessing = 0;
		};
/* End PBXResourcesBuildPhase section */

/* Begin PBXSourcesBuildPhase section */
		3F922E791B4B6960004CC85D /* Sources */ = {
			isa = PBXSourcesBuildPhase;
			buildActionMask = 2147483647;
			files = (
				3F922E891B4B6960004CC85D /* ViewController.m in Sources */,
				3F922E861B4B6960004CC85D /* AppDelegate.m in Sources */,
				3F922E831B4B6960004CC85D /* main.m in Sources */,
			);
			runOnlyForDeploymentPostprocessing = 0;
		};
		3F922E921B4B6960004CC85D /* Sources */ = {
			isa = PBXSourcesBuildPhase;
			buildActionMask = 2147483647;
			files = (
				3F922E9D1B4B6960004CC85D /* TechTodayTests.m in Sources */,
			);
			runOnlyForDeploymentPostprocessing = 0;
		};
/* End PBXSourcesBuildPhase section */

/* Begin PBXTargetDependency section */
		3F922E981B4B6960004CC85D /* PBXTargetDependency */ = {
			isa = PBXTargetDependency;
			target = 3F922E7C1B4B6960004CC85D /* TechToday */;
			targetProxy = 3F922E971B4B6960004CC85D /* PBXContainerItemProxy */;
		};
/* End PBXTargetDependency section */

/* Begin PBXVariantGroup section */
		3F922E8A1B4B6960004CC85D /* Main.storyboard */ = {
			isa = PBXVariantGroup;
			children = (
				3F922E8B1B4B6960004CC85D /* Base */,
			);
			name = Main.storyboard;
			sourceTree = "<group>";
		};
		3F922E8F1B4B6960004CC85D /* LaunchScreen.xib */ = {
			isa = PBXVariantGroup;
			children = (
				3F922E901B4B6960004CC85D /* Base */,
			);
			name = LaunchScreen.xib;
			sourceTree = "<group>";
		};
/* End PBXVariantGroup section */

/* Begin XCBuildConfiguration section */
		3F922E9E1B4B6960004CC85D /* Debug */ = {
			isa = XCBuildConfiguration;
			buildSettings = {
				ALWAYS_SEARCH_USER_PATHS = NO;
				CLANG_CXX_LANGUAGE_STANDARD = "gnu++0x";
				CLANG_CXX_LIBRARY = "libc++";
				CLANG_ENABLE_MODULES = YES;
				CLANG_ENABLE_OBJC_ARC = YES;
				CLANG_WARN_BOOL_CONVERSION = YES;
				CLANG_WARN_CONSTANT_CONVERSION = YES;
				CLANG_WARN_DIRECT_OBJC_ISA_USAGE = YES_ERROR;
				CLANG_WARN_EMPTY_BODY = YES;
				CLANG_WARN_ENUM_CONVERSION = YES;
				CLANG_WARN_INT_CONVERSION = YES;
				CLANG_WARN_OBJC_ROOT_CLASS = YES_ERROR;
				CLANG_WARN_UNREACHABLE_CODE = YES;
				CLANG_WARN__DUPLICATE_METHOD_MATCH = YES;
				"CODE_SIGN_IDENTITY[sdk=iphoneos*]" = "iPhone Developer";
				COPY_PHASE_STRIP = NO;
				DEBUG_INFORMATION_FORMAT = "dwarf-with-dsym";
				ENABLE_STRICT_OBJC_MSGSEND = YES;
				GCC_C_LANGUAGE_STANDARD = gnu99;
				GCC_DYNAMIC_NO_PIC = NO;
				GCC_NO_COMMON_BLOCKS = YES;
				GCC_OPTIMIZATION_LEVEL = 0;
				GCC_PREPROCESSOR_DEFINITIONS = (
					"DEBUG=1",
					"$(inherited)",
				);
				GCC_SYMBOLS_PRIVATE_EXTERN = NO;
				GCC_WARN_64_TO_32_BIT_CONVERSION = YES;
				GCC_WARN_ABOUT_RETURN_TYPE = YES_ERROR;
				GCC_WARN_UNDECLARED_SELECTOR = YES;
				GCC_WARN_UNINITIALIZED_AUTOS = YES_AGGRESSIVE;
				GCC_WARN_UNUSED_FUNCTION = YES;
				GCC_WARN_UNUSED_VARIABLE = YES;
				IPHONEOS_DEPLOYMENT_TARGET = 8.3;
				MTL_ENABLE_DEBUG_INFO = YES;
				ONLY_ACTIVE_ARCH = YES;
				SDKROOT = iphoneos;
			};
			name = Debug;
		};
		3F922E9F1B4B6960004CC85D /* Release */ = {
			isa = XCBuildConfiguration;
			buildSettings = {
				ALWAYS_SEARCH_USER_PATHS = NO;
				CLANG_CXX_LANGUAGE_STANDARD = "gnu++0x";
				CLANG_CXX_LIBRARY = "libc++";
				CLANG_ENABLE_MODULES = YES;
				CLANG_ENABLE_OBJC_ARC = YES;
				CLANG_WARN_BOOL_CONVERSION = YES;
				CLANG_WARN_CONSTANT_CONVERSION = YES;
				CLANG_WARN_DIRECT_OBJC_ISA_USAGE = YES_ERROR;
				CLANG_WARN_EMPTY_BODY = YES;
				CLANG_WARN_ENUM_CONVERSION = YES;
				CLANG_WARN_INT_CONVERSION = YES;
				CLANG_WARN_OBJC_ROOT_CLASS = YES_ERROR;
				CLANG_WARN_UNREACHABLE_CODE = YES;
				CLANG_WARN__DUPLICATE_METHOD_MATCH = YES;
				"CODE_SIGN_IDENTITY[sdk=iphoneos*]" = "iPhone Developer";
				COPY_PHASE_STRIP = NO;
				DEBUG_INFORMATION_FORMAT = "dwarf-with-dsym";
				ENABLE_NS_ASSERTIONS = NO;
				ENABLE_STRICT_OBJC_MSGSEND = YES;
				GCC_C_LANGUAGE_STANDARD = gnu99;
				GCC_NO_COMMON_BLOCKS = YES;
				GCC_WARN_64_TO_32_BIT_CONVERSION = YES;
				GCC_WARN_ABOUT_RETURN_TYPE = YES_ERROR;
				GCC_WARN_UNDECLARED_SELECTOR = YES;
				GCC_WARN_UNINITIALIZED_AUTOS = YES_AGGRESSIVE;
				GCC_WARN_UNUSED_FUNCTION = YES;
				GCC_WARN_UNUSED_VARIABLE = YES;
				IPHONEOS_DEPLOYMENT_TARGET = 8.3;
				MTL_ENABLE_DEBUG_INFO = NO;
				SDKROOT = iphoneos;
				VALIDATE_PRODUCT = YES;
			};
			name = Release;
		};
		3F922EA11B4B6960004CC85D /* Debug */ = {
			isa = XCBuildConfiguration;
			buildSettings = {
				ASSETCATALOG_COMPILER_APPICON_NAME = AppIcon;
				INFOPLIST_FILE = TechToday/Info.plist;
				LD_RUNPATH_SEARCH_PATHS = "$(inherited) @executable_path/Frameworks";
				PRODUCT_NAME = "$(TARGET_NAME)";
			};
			name = Debug;
		};
		3F922EA21B4B6960004CC85D /* Release */ = {
			isa = XCBuildConfiguration;
			buildSettings = {
				ASSETCATALOG_COMPILER_APPICON_NAME = AppIcon;
				INFOPLIST_FILE = TechToday/Info.plist;
				LD_RUNPATH_SEARCH_PATHS = "$(inherited) @executable_path/Frameworks";
				PRODUCT_NAME = "$(TARGET_NAME)";
			};
			name = Release;
		};
		3F922EA41B4B6960004CC85D /* Debug */ = {
			isa = XCBuildConfiguration;
			buildSettings = {
				BUNDLE_LOADER = "$(TEST_HOST)";
				FRAMEWORK_SEARCH_PATHS = (
					"$(SDKROOT)/Developer/Library/Frameworks",
					"$(inherited)",
				);
				GCC_PREPROCESSOR_DEFINITIONS = (
					"DEBUG=1",
					"$(inherited)",
				);
				INFOPLIST_FILE = TechTodayTests/Info.plist;
				LD_RUNPATH_SEARCH_PATHS = "$(inherited) @executable_path/Frameworks @loader_path/Frameworks";
				PRODUCT_NAME = "$(TARGET_NAME)";
				TEST_HOST = "$(BUILT_PRODUCTS_DIR)/TechToday.app/TechToday";
			};
			name = Debug;
		};
		3F922EA51B4B6960004CC85D /* Release */ = {
			isa = XCBuildConfiguration;
			buildSettings = {
				BUNDLE_LOADER = "$(TEST_HOST)";
				FRAMEWORK_SEARCH_PATHS = (
					"$(SDKROOT)/Developer/Library/Frameworks",
					"$(inherited)",
				);
				INFOPLIST_FILE = TechTodayTests/Info.plist;
				LD_RUNPATH_SEARCH_PATHS = "$(inherited) @executable_path/Frameworks @loader_path/Frameworks";
				PRODUCT_NAME = "$(TARGET_NAME)";
				TEST_HOST = "$(BUILT_PRODUCTS_DIR)/TechToday.app/TechToday";
			};
			name = Release;
		};
/* End XCBuildConfiguration section */

/* Begin XCConfigurationList section */
		3F922E781B4B6960004CC85D /* Build configuration list for PBXProject "TechToday" */ = {
			isa = XCConfigurationList;
			buildConfigurations = (
				3F922E9E1B4B6960004CC85D /* Debug */,
				3F922E9F1B4B6960004CC85D /* Release */,
			);
			defaultConfigurationIsVisible = 0;
			defaultConfigurationName = Release;
		};
		3F922EA01B4B6960004CC85D /* Build configuration list for PBXNativeTarget "TechToday" */ = {
			isa = XCConfigurationList;
			buildConfigurations = (
				3F922EA11B4B6960004CC85D /* Debug */,
				3F922EA21B4B6960004CC85D /* Release */,
			);
			defaultConfigurationIsVisible = 0;
		};
		3F922EA31B4B6960004CC85D /* Build configuration list for PBXNativeTarget "TechTodayTests" */ = {
			isa = XCConfigurationList;
			buildConfigurations = (
				3F922EA41B4B6960004CC85D /* Debug */,
				3F922EA51B4B6960004CC85D /* Release */,
			);
			defaultConfigurationIsVisible = 0;
		};
/* End XCConfigurationList section */
	};
	rootObject = 3F922E751B4B6960004CC85D /* Project object */;
}
